// !$*UTF8*$!
{
	archiveVersion = 1;
	classes = {
	};
	objectVersion = 50;
	objects = {

/* Begin PBXBuildFile section */
		67EC0D2B235727C200F768C6 /* AppDelegate.swift in Sources */ = {isa = PBXBuildFile; fileRef = 67EC0D2A235727C200F768C6 /* AppDelegate.swift */; };
		67EC0D2D235727C200F768C6 /* SceneDelegate.swift in Sources */ = {isa = PBXBuildFile; fileRef = 67EC0D2C235727C200F768C6 /* SceneDelegate.swift */; };
		67EC0D32235727C200F768C6 /* Main.storyboard in Resources */ = {isa = PBXBuildFile; fileRef = 67EC0D30235727C200F768C6 /* Main.storyboard */; };
		67EC0D34235727D500F768C6 /* Assets.xcassets in Resources */ = {isa = PBXBuildFile; fileRef = 67EC0D33235727D500F768C6 /* Assets.xcassets */; };
		67EC0D37235727D500F768C6 /* LaunchScreen.storyboard in Resources */ = {isa = PBXBuildFile; fileRef = 67EC0D35235727D500F768C6 /* LaunchScreen.storyboard */; };
		67EC0D42235727D600F768C6 /* ex01Tests.swift in Sources */ = {isa = PBXBuildFile; fileRef = 67EC0D41235727D600F768C6 /* ex01Tests.swift */; };
		67EC0D4D235727D600F768C6 /* ex01UITests.swift in Sources */ = {isa = PBXBuildFile; fileRef = 67EC0D4C235727D600F768C6 /* ex01UITests.swift */; };
		67EC0D5B23572F3500F768C6 /* RecastAiViewController.swift in Sources */ = {isa = PBXBuildFile; fileRef = 67EC0D5A23572F3500F768C6 /* RecastAiViewController.swift */; };
/* End PBXBuildFile section */

/* Begin PBXContainerItemProxy section */
		67EC0D3E235727D600F768C6 /* PBXContainerItemProxy */ = {
			isa = PBXContainerItemProxy;
			containerPortal = 67EC0D1F235727C200F768C6 /* Project object */;
			proxyType = 1;
			remoteGlobalIDString = 67EC0D26235727C200F768C6;
			remoteInfo = ex01;
		};
		67EC0D49235727D600F768C6 /* PBXContainerItemProxy */ = {
			isa = PBXContainerItemProxy;
			containerPortal = 67EC0D1F235727C200F768C6 /* Project object */;
			proxyType = 1;
			remoteGlobalIDString = 67EC0D26235727C200F768C6;
			remoteInfo = ex01;
		};
/* End PBXContainerItemProxy section */

/* Begin PBXFileReference section */
		67EC0D27235727C200F768C6 /* ex01.app */ = {isa = PBXFileReference; explicitFileType = wrapper.application; includeInIndex = 0; path = ex01.app; sourceTree = BUILT_PRODUCTS_DIR; };
		67EC0D2A235727C200F768C6 /* AppDelegate.swift */ = {isa = PBXFileReference; lastKnownFileType = sourcecode.swift; path = AppDelegate.swift; sourceTree = "<group>"; };
		67EC0D2C235727C200F768C6 /* SceneDelegate.swift */ = {isa = PBXFileReference; lastKnownFileType = sourcecode.swift; path = SceneDelegate.swift; sourceTree = "<group>"; };
		67EC0D31235727C200F768C6 /* Base */ = {isa = PBXFileReference; lastKnownFileType = file.storyboard; name = Base; path = Base.lproj/Main.storyboard; sourceTree = "<group>"; };
		67EC0D33235727D500F768C6 /* Assets.xcassets */ = {isa = PBXFileReference; lastKnownFileType = folder.assetcatalog; path = Assets.xcassets; sourceTree = "<group>"; };
		67EC0D36235727D500F768C6 /* Base */ = {isa = PBXFileReference; lastKnownFileType = file.storyboard; name = Base; path = Base.lproj/LaunchScreen.storyboard; sourceTree = "<group>"; };
		67EC0D38235727D500F768C6 /* Info.plist */ = {isa = PBXFileReference; lastKnownFileType = text.plist.xml; path = Info.plist; sourceTree = "<group>"; };
		67EC0D3D235727D600F768C6 /* ex01Tests.xctest */ = {isa = PBXFileReference; explicitFileType = wrapper.cfbundle; includeInIndex = 0; path = ex01Tests.xctest; sourceTree = BUILT_PRODUCTS_DIR; };
		67EC0D41235727D600F768C6 /* ex01Tests.swift */ = {isa = PBXFileReference; lastKnownFileType = sourcecode.swift; path = ex01Tests.swift; sourceTree = "<group>"; };
		67EC0D43235727D600F768C6 /* Info.plist */ = {isa = PBXFileReference; lastKnownFileType = text.plist.xml; path = Info.plist; sourceTree = "<group>"; };
		67EC0D48235727D600F768C6 /* ex01UITests.xctest */ = {isa = PBXFileReference; explicitFileType = wrapper.cfbundle; includeInIndex = 0; path = ex01UITests.xctest; sourceTree = BUILT_PRODUCTS_DIR; };
		67EC0D4C235727D600F768C6 /* ex01UITests.swift */ = {isa = PBXFileReference; lastKnownFileType = sourcecode.swift; path = ex01UITests.swift; sourceTree = "<group>"; };
		67EC0D4E235727D600F768C6 /* Info.plist */ = {isa = PBXFileReference; lastKnownFileType = text.plist.xml; path = Info.plist; sourceTree = "<group>"; };
		67EC0D5A23572F3500F768C6 /* RecastAiViewController.swift */ = {isa = PBXFileReference; lastKnownFileType = sourcecode.swift; path = RecastAiViewController.swift; sourceTree = "<group>"; };
/* End PBXFileReference section */

/* Begin PBXFrameworksBuildPhase section */
		67EC0D24235727C200F768C6 /* Frameworks */ = {
			isa = PBXFrameworksBuildPhase;
			buildActionMask = 2147483647;
			files = (
			);
			runOnlyForDeploymentPostprocessing = 0;
		};
		67EC0D3A235727D600F768C6 /* Frameworks */ = {
			isa = PBXFrameworksBuildPhase;
			buildActionMask = 2147483647;
			files = (
			);
			runOnlyForDeploymentPostprocessing = 0;
		};
		67EC0D45235727D600F768C6 /* Frameworks */ = {
			isa = PBXFrameworksBuildPhase;
			buildActionMask = 2147483647;
			files = (
			);
			runOnlyForDeploymentPostprocessing = 0;
		};
/* End PBXFrameworksBuildPhase section */

/* Begin PBXGroup section */
		67EC0D1E235727C200F768C6 = {
			isa = PBXGroup;
			children = (
				67EC0D29235727C200F768C6 /* ex01 */,
				67EC0D40235727D600F768C6 /* ex01Tests */,
				67EC0D4B235727D600F768C6 /* ex01UITests */,
				67EC0D28235727C200F768C6 /* Products */,
			);
			sourceTree = "<group>";
		};
		67EC0D28235727C200F768C6 /* Products */ = {
			isa = PBXGroup;
			children = (
				67EC0D27235727C200F768C6 /* ex01.app */,
				67EC0D3D235727D600F768C6 /* ex01Tests.xctest */,
				67EC0D48235727D600F768C6 /* ex01UITests.xctest */,
			);
			name = Products;
			sourceTree = "<group>";
		};
		67EC0D29235727C200F768C6 /* ex01 */ = {
			isa = PBXGroup;
			children = (
				67EC0D2A235727C200F768C6 /* AppDelegate.swift */,
				67EC0D2C235727C200F768C6 /* SceneDelegate.swift */,
				67EC0D5A23572F3500F768C6 /* RecastAiViewController.swift */,
				67EC0D30235727C200F768C6 /* Main.storyboard */,
				67EC0D33235727D500F768C6 /* Assets.xcassets */,
				67EC0D35235727D500F768C6 /* LaunchScreen.storyboard */,
				67EC0D38235727D500F768C6 /* Info.plist */,
			);
			path = ex01;
			sourceTree = "<group>";
		};
		67EC0D40235727D600F768C6 /* ex01Tests */ = {
			isa = PBXGroup;
			children = (
				67EC0D41235727D600F768C6 /* ex01Tests.swift */,
				67EC0D43235727D600F768C6 /* Info.plist */,
			);
			path = ex01Tests;
			sourceTree = "<group>";
		};
		67EC0D4B235727D600F768C6 /* ex01UITests */ = {
			isa = PBXGroup;
			children = (
				67EC0D4C235727D600F768C6 /* ex01UITests.swift */,
				67EC0D4E235727D600F768C6 /* Info.plist */,
			);
			path = ex01UITests;
			sourceTree = "<group>";
		};
/* End PBXGroup section */

/* Begin PBXNativeTarget section */
		67EC0D26235727C200F768C6 /* ex01 */ = {
			isa = PBXNativeTarget;
			buildConfigurationList = 67EC0D51235727D600F768C6 /* Build configuration list for PBXNativeTarget "ex01" */;
			buildPhases = (
				67EC0D23235727C200F768C6 /* Sources */,
				67EC0D24235727C200F768C6 /* Frameworks */,
				67EC0D25235727C200F768C6 /* Resources */,
			);
			buildRules = (
			);
			dependencies = (
			);
			name = ex01;
			productName = ex01;
			productReference = 67EC0D27235727C200F768C6 /* ex01.app */;
			productType = "com.apple.product-type.application";
		};
		67EC0D3C235727D600F768C6 /* ex01Tests */ = {
			isa = PBXNativeTarget;
			buildConfigurationList = 67EC0D54235727D600F768C6 /* Build configuration list for PBXNativeTarget "ex01Tests" */;
			buildPhases = (
				67EC0D39235727D600F768C6 /* Sources */,
				67EC0D3A235727D600F768C6 /* Frameworks */,
				67EC0D3B235727D600F768C6 /* Resources */,
			);
			buildRules = (
			);
			dependencies = (
				67EC0D3F235727D600F768C6 /* PBXTargetDependency */,
			);
			name = ex01Tests;
			productName = ex01Tests;
			productReference = 67EC0D3D235727D600F768C6 /* ex01Tests.xctest */;
			productType = "com.apple.product-type.bundle.unit-test";
		};
		67EC0D47235727D600F768C6 /* ex01UITests */ = {
			isa = PBXNativeTarget;
			buildConfigurationList = 67EC0D57235727D600F768C6 /* Build configuration list for PBXNativeTarget "ex01UITests" */;
			buildPhases = (
				67EC0D44235727D600F768C6 /* Sources */,
				67EC0D45235727D600F768C6 /* Frameworks */,
				67EC0D46235727D600F768C6 /* Resources */,
			);
			buildRules = (
			);
			dependencies = (
				67EC0D4A235727D600F768C6 /* PBXTargetDependency */,
			);
			name = ex01UITests;
			productName = ex01UITests;
			productReference = 67EC0D48235727D600F768C6 /* ex01UITests.xctest */;
			productType = "com.apple.product-type.bundle.ui-testing";
		};
/* End PBXNativeTarget section */

/* Begin PBXProject section */
		67EC0D1F235727C200F768C6 /* Project object */ = {
			isa = PBXProject;
			attributes = {
				LastSwiftUpdateCheck = 1110;
				LastUpgradeCheck = 1110;
				ORGANIZATIONNAME = "teo KELESTURA";
				TargetAttributes = {
					67EC0D26235727C200F768C6 = {
						CreatedOnToolsVersion = 11.1;
					};
					67EC0D3C235727D600F768C6 = {
						CreatedOnToolsVersion = 11.1;
						TestTargetID = 67EC0D26235727C200F768C6;
					};
					67EC0D47235727D600F768C6 = {
						CreatedOnToolsVersion = 11.1;
						TestTargetID = 67EC0D26235727C200F768C6;
					};
				};
			};
			buildConfigurationList = 67EC0D22235727C200F768C6 /* Build configuration list for PBXProject "ex01" */;
			compatibilityVersion = "Xcode 9.3";
			developmentRegion = en;
			hasScannedForEncodings = 0;
			knownRegions = (
				en,
				Base,
			);
			mainGroup = 67EC0D1E235727C200F768C6;
			productRefGroup = 67EC0D28235727C200F768C6 /* Products */;
			projectDirPath = "";
			projectRoot = "";
			targets = (
				67EC0D26235727C200F768C6 /* ex01 */,
				67EC0D3C235727D600F768C6 /* ex01Tests */,
				67EC0D47235727D600F768C6 /* ex01UITests */,
			);
		};
/* End PBXProject section */

/* Begin PBXResourcesBuildPhase section */
		67EC0D25235727C200F768C6 /* Resources */ = {
			isa = PBXResourcesBuildPhase;
			buildActionMask = 2147483647;
			files = (
				67EC0D37235727D500F768C6 /* LaunchScreen.storyboard in Resources */,
				67EC0D34235727D500F768C6 /* Assets.xcassets in Resources */,
				67EC0D32235727C200F768C6 /* Main.storyboard in Resources */,
			);
			runOnlyForDeploymentPostprocessing = 0;
		};
		67EC0D3B235727D600F768C6 /* Resources */ = {
			isa = PBXResourcesBuildPhase;
			buildActionMask = 2147483647;
			files = (
			);
			runOnlyForDeploymentPostprocessing = 0;
		};
		67EC0D46235727D600F768C6 /* Resources */ = {
			isa = PBXResourcesBuildPhase;
			buildActionMask = 2147483647;
			files = (
			);
			runOnlyForDeploymentPostprocessing = 0;
		};
/* End PBXResourcesBuildPhase section */

/* Begin PBXSourcesBuildPhase section */
		67EC0D23235727C200F768C6 /* Sources */ = {
			isa = PBXSourcesBuildPhase;
			buildActionMask = 2147483647;
			files = (
				67EC0D5B23572F3500F768C6 /* RecastAiViewController.swift in Sources */,
				67EC0D2B235727C200F768C6 /* AppDelegate.swift in Sources */,
				67EC0D2D235727C200F768C6 /* SceneDelegate.swift in Sources */,
			);
			runOnlyForDeploymentPostprocessing = 0;
		};
		67EC0D39235727D600F768C6 /* Sources */ = {
			isa = PBXSourcesBuildPhase;
			buildActionMask = 2147483647;
			files = (
				67EC0D42235727D600F768C6 /* ex01Tests.swift in Sources */,
			);
			runOnlyForDeploymentPostprocessing = 0;
		};
		67EC0D44235727D600F768C6 /* Sources */ = {
			isa = PBXSourcesBuildPhase;
			buildActionMask = 2147483647;
			files = (
				67EC0D4D235727D600F768C6 /* ex01UITests.swift in Sources */,
			);
			runOnlyForDeploymentPostprocessing = 0;
		};
/* End PBXSourcesBuildPhase section */

/* Begin PBXTargetDependency section */
		67EC0D3F235727D600F768C6 /* PBXTargetDependency */ = {
			isa = PBXTargetDependency;
			target = 67EC0D26235727C200F768C6 /* ex01 */;
			targetProxy = 67EC0D3E235727D600F768C6 /* PBXContainerItemProxy */;
		};
		67EC0D4A235727D600F768C6 /* PBXTargetDependency */ = {
			isa = PBXTargetDependency;
			target = 67EC0D26235727C200F768C6 /* ex01 */;
			targetProxy = 67EC0D49235727D600F768C6 /* PBXContainerItemProxy */;
		};
/* End PBXTargetDependency section */

/* Begin PBXVariantGroup section */
		67EC0D30235727C200F768C6 /* Main.storyboard */ = {
			isa = PBXVariantGroup;
			children = (
				67EC0D31235727C200F768C6 /* Base */,
			);
			name = Main.storyboard;
			sourceTree = "<group>";
		};
		67EC0D35235727D500F768C6 /* LaunchScreen.storyboard */ = {
			isa = PBXVariantGroup;
			children = (
				67EC0D36235727D500F768C6 /* Base */,
			);
			name = LaunchScreen.storyboard;
			sourceTree = "<group>";
		};
/* End PBXVariantGroup section */

/* Begin XCBuildConfiguration section */
		67EC0D4F235727D600F768C6 /* Debug */ = {
			isa = XCBuildConfiguration;
			buildSettings = {
				ALWAYS_SEARCH_USER_PATHS = NO;
				CLANG_ANALYZER_NONNULL = YES;
				CLANG_ANALYZER_NUMBER_OBJECT_CONVERSION = YES_AGGRESSIVE;
				CLANG_CXX_LANGUAGE_STANDARD = "gnu++14";
				CLANG_CXX_LIBRARY = "libc++";
				CLANG_ENABLE_MODULES = YES;
				CLANG_ENABLE_OBJC_ARC = YES;
				CLANG_ENABLE_OBJC_WEAK = YES;
				CLANG_WARN_BLOCK_CAPTURE_AUTORELEASING = YES;
				CLANG_WARN_BOOL_CONVERSION = YES;
				CLANG_WARN_COMMA = YES;
				CLANG_WARN_CONSTANT_CONVERSION = YES;
				CLANG_WARN_DEPRECATED_OBJC_IMPLEMENTATIONS = YES;
				CLANG_WARN_DIRECT_OBJC_ISA_USAGE = YES_ERROR;
				CLANG_WARN_DOCUMENTATION_COMMENTS = YES;
				CLANG_WARN_EMPTY_BODY = YES;
				CLANG_WARN_ENUM_CONVERSION = YES;
				CLANG_WARN_INFINITE_RECURSION = YES;
				CLANG_WARN_INT_CONVERSION = YES;
				CLANG_WARN_NON_LITERAL_NULL_CONVERSION = YES;
				CLANG_WARN_OBJC_IMPLICIT_RETAIN_SELF = YES;
				CLANG_WARN_OBJC_LITERAL_CONVERSION = YES;
				CLANG_WARN_OBJC_ROOT_CLASS = YES_ERROR;
				CLANG_WARN_RANGE_LOOP_ANALYSIS = YES;
				CLANG_WARN_STRICT_PROTOTYPES = YES;
				CLANG_WARN_SUSPICIOUS_MOVE = YES;
				CLANG_WARN_UNGUARDED_AVAILABILITY = YES_AGGRESSIVE;
				CLANG_WARN_UNREACHABLE_CODE = YES;
				CLANG_WARN__DUPLICATE_METHOD_MATCH = YES;
				COPY_PHASE_STRIP = NO;
				DEBUG_INFORMATION_FORMAT = dwarf;
				ENABLE_STRICT_OBJC_MSGSEND = YES;
				ENABLE_TESTABILITY = YES;
				GCC_C_LANGUAGE_STANDARD = gnu11;
				GCC_DYNAMIC_NO_PIC = NO;
				GCC_NO_COMMON_BLOCKS = YES;
				GCC_OPTIMIZATION_LEVEL = 0;
				GCC_PREPROCESSOR_DEFINITIONS = (
					"DEBUG=1",
					"$(inherited)",
				);
				GCC_WARN_64_TO_32_BIT_CONVERSION = YES;
				GCC_WARN_ABOUT_RETURN_TYPE = YES_ERROR;
				GCC_WARN_UNDECLARED_SELECTOR = YES;
				GCC_WARN_UNINITIALIZED_AUTOS = YES_AGGRESSIVE;
				GCC_WARN_UNUSED_FUNCTION = YES;
				GCC_WARN_UNUSED_VARIABLE = YES;
				IPHONEOS_DEPLOYMENT_TARGET = 13.1;
				MTL_ENABLE_DEBUG_INFO = INCLUDE_SOURCE;
				MTL_FAST_MATH = YES;
				ONLY_ACTIVE_ARCH = YES;
				SDKROOT = iphoneos;
				SWIFT_ACTIVE_COMPILATION_CONDITIONS = DEBUG;
				SWIFT_OPTIMIZATION_LEVEL = "-Onone";
			};
			name = Debug;
		};
		67EC0D50235727D600F768C6 /* Release */ = {
			isa = XCBuildConfiguration;
			buildSettings = {
				ALWAYS_SEARCH_USER_PATHS = NO;
				CLANG_ANALYZER_NONNULL = YES;
				CLANG_ANALYZER_NUMBER_OBJECT_CONVERSION = YES_AGGRESSIVE;
				CLANG_CXX_LANGUAGE_STANDARD = "gnu++14";
				CLANG_CXX_LIBRARY = "libc++";
				CLANG_ENABLE_MODULES = YES;
				CLANG_ENABLE_OBJC_ARC = YES;
				CLANG_ENABLE_OBJC_WEAK = YES;
				CLANG_WARN_BLOCK_CAPTURE_AUTORELEASING = YES;
				CLANG_WARN_BOOL_CONVERSION = YES;
				CLANG_WARN_COMMA = YES;
				CLANG_WARN_CONSTANT_CONVERSION = YES;
				CLANG_WARN_DEPRECATED_OBJC_IMPLEMENTATIONS = YES;
				CLANG_WARN_DIRECT_OBJC_ISA_USAGE = YES_ERROR;
				CLANG_WARN_DOCUMENTATION_COMMENTS = YES;
				CLANG_WARN_EMPTY_BODY = YES;
				CLANG_WARN_ENUM_CONVERSION = YES;
				CLANG_WARN_INFINITE_RECURSION = YES;
				CLANG_WARN_INT_CONVERSION = YES;
				CLANG_WARN_NON_LITERAL_NULL_CONVERSION = YES;
				CLANG_WARN_OBJC_IMPLICIT_RETAIN_SELF = YES;
				CLANG_WARN_OBJC_LITERAL_CONVERSION = YES;
				CLANG_WARN_OBJC_ROOT_CLASS = YES_ERROR;
				CLANG_WARN_RANGE_LOOP_ANALYSIS = YES;
				CLANG_WARN_STRICT_PROTOTYPES = YES;
				CLANG_WARN_SUSPICIOUS_MOVE = YES;
				CLANG_WARN_UNGUARDED_AVAILABILITY = YES_AGGRESSIVE;
				CLANG_WARN_UNREACHABLE_CODE = YES;
				CLANG_WARN__DUPLICATE_METHOD_MATCH = YES;
				COPY_PHASE_STRIP = NO;
				DEBUG_INFORMATION_FORMAT = "dwarf-with-dsym";
				ENABLE_NS_ASSERTIONS = NO;
				ENABLE_STRICT_OBJC_MSGSEND = YES;
				GCC_C_LANGUAGE_STANDARD = gnu11;
				GCC_NO_COMMON_BLOCKS = YES;
				GCC_WARN_64_TO_32_BIT_CONVERSION = YES;
				GCC_WARN_ABOUT_RETURN_TYPE = YES_ERROR;
				GCC_WARN_UNDECLARED_SELECTOR = YES;
				GCC_WARN_UNINITIALIZED_AUTOS = YES_AGGRESSIVE;
				GCC_WARN_UNUSED_FUNCTION = YES;
				GCC_WARN_UNUSED_VARIABLE = YES;
				IPHONEOS_DEPLOYMENT_TARGET = 13.1;
				MTL_ENABLE_DEBUG_INFO = NO;
				MTL_FAST_MATH = YES;
				SDKROOT = iphoneos;
				SWIFT_COMPILATION_MODE = wholemodule;
				SWIFT_OPTIMIZATION_LEVEL = "-O";
				VALIDATE_PRODUCT = YES;
			};
			name = Release;
		};
		67EC0D52235727D600F768C6 /* Debug */ = {
			isa = XCBuildConfiguration;
			buildSettings = {
				ASSETCATALOG_COMPILER_APPICON_NAME = AppIcon;
				CODE_SIGN_STYLE = Automatic;
				INFOPLIST_FILE = ex01/Info.plist;
				LD_RUNPATH_SEARCH_PATHS = (
					"$(inherited)",
					"@executable_path/Frameworks",
				);
				PRODUCT_BUNDLE_IDENTIFIER = teo.ex01;
				PRODUCT_NAME = "$(TARGET_NAME)";
				SWIFT_VERSION = 5.0;
				TARGETED_DEVICE_FAMILY = "1,2";
			};
			name = Debug;
		};
		67EC0D53235727D600F768C6 /* Release */ = {
			isa = XCBuildConfiguration;
			buildSettings = {
				ASSETCATALOG_COMPILER_APPICON_NAME = AppIcon;
				CODE_SIGN_STYLE = Automatic;
				INFOPLIST_FILE = ex01/Info.plist;
				LD_RUNPATH_SEARCH_PATHS = (
					"$(inherited)",
					"@executable_path/Frameworks",
				);
				PRODUCT_BUNDLE_IDENTIFIER = teo.ex01;
				PRODUCT_NAME = "$(TARGET_NAME)";
				SWIFT_VERSION = 5.0;
				TARGETED_DEVICE_FAMILY = "1,2";
			};
			name = Release;
		};
		67EC0D55235727D600F768C6 /* Debug */ = {
			isa = XCBuildConfiguration;
			buildSettings = {
				ALWAYS_EMBED_SWIFT_STANDARD_LIBRARIES = YES;
				BUNDLE_LOADER = "$(TEST_HOST)";
				CODE_SIGN_STYLE = Automatic;
				INFOPLIST_FILE = ex01Tests/Info.plist;
				IPHONEOS_DEPLOYMENT_TARGET = 13.1;
				LD_RUNPATH_SEARCH_PATHS = (
					"$(inherited)",
					"@executable_path/Frameworks",
					"@loader_path/Frameworks",
				);
				PRODUCT_BUNDLE_IDENTIFIER = teo.ex01Tests;
				PRODUCT_NAME = "$(TARGET_NAME)";
				SWIFT_VERSION = 5.0;
				TARGETED_DEVICE_FAMILY = "1,2";
				TEST_HOST = "$(BUILT_PRODUCTS_DIR)/ex01.app/ex01";
			};
			name = Debug;
		};
		67EC0D56235727D600F768C6 /* Release */ = {
			isa = XCBuildConfiguration;
			buildSettings = {
				ALWAYS_EMBED_SWIFT_STANDARD_LIBRARIES = YES;
				BUNDLE_LOADER = "$(TEST_HOST)";
				CODE_SIGN_STYLE = Automatic;
				INFOPLIST_FILE = ex01Tests/Info.plist;
				IPHONEOS_DEPLOYMENT_TARGET = 13.1;
				LD_RUNPATH_SEARCH_PATHS = (
					"$(inherited)",
					"@executable_path/Frameworks",
					"@loader_path/Frameworks",
				);
				PRODUCT_BUNDLE_IDENTIFIER = teo.ex01Tests;
				PRODUCT_NAME = "$(TARGET_NAME)";
				SWIFT_VERSION = 5.0;
				TARGETED_DEVICE_FAMILY = "1,2";
				TEST_HOST = "$(BUILT_PRODUCTS_DIR)/ex01.app/ex01";
			};
			name = Release;
		};
		67EC0D58235727D600F768C6 /* Debug */ = {
			isa = XCBuildConfiguration;
			buildSettings = {
				ALWAYS_EMBED_SWIFT_STANDARD_LIBRARIES = YES;
				CODE_SIGN_STYLE = Automatic;
				INFOPLIST_FILE = ex01UITests/Info.plist;
				LD_RUNPATH_SEARCH_PATHS = (
					"$(inherited)",
					"@executable_path/Frameworks",
					"@loader_path/Frameworks",
				);
				PRODUCT_BUNDLE_IDENTIFIER = teo.ex01UITests;
				PRODUCT_NAME = "$(TARGET_NAME)";
				SWIFT_VERSION = 5.0;
				TARGETED_DEVICE_FAMILY = "1,2";
				TEST_TARGET_NAME = ex01;
			};
			name = Debug;
		};
		67EC0D59235727D600F768C6 /* Release */ = {
			isa = XCBuildConfiguration;
			buildSettings = {
				ALWAYS_EMBED_SWIFT_STANDARD_LIBRARIES = YES;
				CODE_SIGN_STYLE = Automatic;
				INFOPLIST_FILE = ex01UITests/Info.plist;
				LD_RUNPATH_SEARCH_PATHS = (
					"$(inherited)",
					"@executable_path/Frameworks",
					"@loader_path/Frameworks",
				);
				PRODUCT_BUNDLE_IDENTIFIER = teo.ex01UITests;
				PRODUCT_NAME = "$(TARGET_NAME)";
				SWIFT_VERSION = 5.0;
				TARGETED_DEVICE_FAMILY = "1,2";
				TEST_TARGET_NAME = ex01;
			};
			name = Release;
		};
/* End XCBuildConfiguration section */

/* Begin XCConfigurationList section */
		67EC0D22235727C200F768C6 /* Build configuration list for PBXProject "ex01" */ = {
			isa = XCConfigurationList;
			buildConfigurations = (
				67EC0D4F235727D600F768C6 /* Debug */,
				67EC0D50235727D600F768C6 /* Release */,
			);
			defaultConfigurationIsVisible = 0;
			defaultConfigurationName = Release;
		};
		67EC0D51235727D600F768C6 /* Build configuration list for PBXNativeTarget "ex01" */ = {
			isa = XCConfigurationList;
			buildConfigurations = (
				67EC0D52235727D600F768C6 /* Debug */,
				67EC0D53235727D600F768C6 /* Release */,
			);
			defaultConfigurationIsVisible = 0;
			defaultConfigurationName = Release;
		};
		67EC0D54235727D600F768C6 /* Build configuration list for PBXNativeTarget "ex01Tests" */ = {
			isa = XCConfigurationList;
			buildConfigurations = (
				67EC0D55235727D600F768C6 /* Debug */,
				67EC0D56235727D600F768C6 /* Release */,
			);
			defaultConfigurationIsVisible = 0;
			defaultConfigurationName = Release;
		};
		67EC0D57235727D600F768C6 /* Build configuration list for PBXNativeTarget "ex01UITests" */ = {
			isa = XCConfigurationList;
			buildConfigurations = (
				67EC0D58235727D600F768C6 /* Debug */,
				67EC0D59235727D600F768C6 /* Release */,
			);
			defaultConfigurationIsVisible = 0;
			defaultConfigurationName = Release;
		};
/* End XCConfigurationList section */
	};
	rootObject = 67EC0D1F235727C200F768C6 /* Project object */;
}
