// !$*UTF8*$!
{
	archiveVersion = 1;
	classes = {
	};
	objectVersion = 50;
	objects = {

/* Begin PBXBuildFile section */
		0CE5373E6AC88A2C97F684B1 /* Pods_CocoaPodsSad.framework in Frameworks */ = {isa = PBXBuildFile; fileRef = F93CFE5ACC11A4EB4CB69195 /* Pods_CocoaPodsSad.framework */; };
		674532442358C63D000B7881 /* AppDelegate.swift in Sources */ = {isa = PBXBuildFile; fileRef = 674532432358C63D000B7881 /* AppDelegate.swift */; };
		674532462358C63D000B7881 /* SceneDelegate.swift in Sources */ = {isa = PBXBuildFile; fileRef = 674532452358C63D000B7881 /* SceneDelegate.swift */; };
		674532482358C63D000B7881 /* ViewController.swift in Sources */ = {isa = PBXBuildFile; fileRef = 674532472358C63D000B7881 /* ViewController.swift */; };
		6745324B2358C63D000B7881 /* Main.storyboard in Resources */ = {isa = PBXBuildFile; fileRef = 674532492358C63D000B7881 /* Main.storyboard */; };
		6745324D2358C647000B7881 /* Assets.xcassets in Resources */ = {isa = PBXBuildFile; fileRef = 6745324C2358C647000B7881 /* Assets.xcassets */; };
		674532502358C647000B7881 /* LaunchScreen.storyboard in Resources */ = {isa = PBXBuildFile; fileRef = 6745324E2358C647000B7881 /* LaunchScreen.storyboard */; };
/* End PBXBuildFile section */

/* Begin PBXFileReference section */
		35E6EDEC9DF69C3A7F1D0683 /* Pods-CocoaPodsSad.release.xcconfig */ = {isa = PBXFileReference; includeInIndex = 1; lastKnownFileType = text.xcconfig; name = "Pods-CocoaPodsSad.release.xcconfig"; path = "Target Support Files/Pods-CocoaPodsSad/Pods-CocoaPodsSad.release.xcconfig"; sourceTree = "<group>"; };
		674532402358C63D000B7881 /* CocoaPodsSad.app */ = {isa = PBXFileReference; explicitFileType = wrapper.application; includeInIndex = 0; path = CocoaPodsSad.app; sourceTree = BUILT_PRODUCTS_DIR; };
		674532432358C63D000B7881 /* AppDelegate.swift */ = {isa = PBXFileReference; lastKnownFileType = sourcecode.swift; path = AppDelegate.swift; sourceTree = "<group>"; };
		674532452358C63D000B7881 /* SceneDelegate.swift */ = {isa = PBXFileReference; lastKnownFileType = sourcecode.swift; path = SceneDelegate.swift; sourceTree = "<group>"; };
		674532472358C63D000B7881 /* ViewController.swift */ = {isa = PBXFileReference; lastKnownFileType = sourcecode.swift; path = ViewController.swift; sourceTree = "<group>"; };
		6745324A2358C63D000B7881 /* Base */ = {isa = PBXFileReference; lastKnownFileType = file.storyboard; name = Base; path = Base.lproj/Main.storyboard; sourceTree = "<group>"; };
		6745324C2358C647000B7881 /* Assets.xcassets */ = {isa = PBXFileReference; lastKnownFileType = folder.assetcatalog; path = Assets.xcassets; sourceTree = "<group>"; };
		6745324F2358C647000B7881 /* Base */ = {isa = PBXFileReference; lastKnownFileType = file.storyboard; name = Base; path = Base.lproj/LaunchScreen.storyboard; sourceTree = "<group>"; };
		674532512358C647000B7881 /* Info.plist */ = {isa = PBXFileReference; lastKnownFileType = text.plist.xml; path = Info.plist; sourceTree = "<group>"; };
		B88A30C829BA954F119F53DF /* Pods-CocoaPodsSad.debug.xcconfig */ = {isa = PBXFileReference; includeInIndex = 1; lastKnownFileType = text.xcconfig; name = "Pods-CocoaPodsSad.debug.xcconfig"; path = "Target Support Files/Pods-CocoaPodsSad/Pods-CocoaPodsSad.debug.xcconfig"; sourceTree = "<group>"; };
		F93CFE5ACC11A4EB4CB69195 /* Pods_CocoaPodsSad.framework */ = {isa = PBXFileReference; explicitFileType = wrapper.framework; includeInIndex = 0; path = Pods_CocoaPodsSad.framework; sourceTree = BUILT_PRODUCTS_DIR; };
/* End PBXFileReference section */

/* Begin PBXFrameworksBuildPhase section */
		6745323D2358C63D000B7881 /* Frameworks */ = {
			isa = PBXFrameworksBuildPhase;
			buildActionMask = 2147483647;
			files = (
				0CE5373E6AC88A2C97F684B1 /* Pods_CocoaPodsSad.framework in Frameworks */,
			);
			runOnlyForDeploymentPostprocessing = 0;
		};
/* End PBXFrameworksBuildPhase section */

/* Begin PBXGroup section */
		2FD46F0A6F49A20F61EF6312 /* Pods */ = {
			isa = PBXGroup;
			children = (
				B88A30C829BA954F119F53DF /* Pods-CocoaPodsSad.debug.xcconfig */,
				35E6EDEC9DF69C3A7F1D0683 /* Pods-CocoaPodsSad.release.xcconfig */,
			);
			name = Pods;
			path = Pods;
			sourceTree = "<group>";
		};
		674532372358C63D000B7881 = {
			isa = PBXGroup;
			children = (
				674532422358C63D000B7881 /* CocoaPodsSad */,
				674532412358C63D000B7881 /* Products */,
				2FD46F0A6F49A20F61EF6312 /* Pods */,
				C97F6BCCF2F4EE261E4762AD /* Frameworks */,
			);
			sourceTree = "<group>";
		};
		674532412358C63D000B7881 /* Products */ = {
			isa = PBXGroup;
			children = (
				674532402358C63D000B7881 /* CocoaPodsSad.app */,
			);
			name = Products;
			sourceTree = "<group>";
		};
		674532422358C63D000B7881 /* CocoaPodsSad */ = {
			isa = PBXGroup;
			children = (
				674532432358C63D000B7881 /* AppDelegate.swift */,
				674532452358C63D000B7881 /* SceneDelegate.swift */,
				674532472358C63D000B7881 /* ViewController.swift */,
				674532492358C63D000B7881 /* Main.storyboard */,
				6745324C2358C647000B7881 /* Assets.xcassets */,
				6745324E2358C647000B7881 /* LaunchScreen.storyboard */,
				674532512358C647000B7881 /* Info.plist */,
			);
			path = CocoaPodsSad;
			sourceTree = "<group>";
		};
		C97F6BCCF2F4EE261E4762AD /* Frameworks */ = {
			isa = PBXGroup;
			children = (
				F93CFE5ACC11A4EB4CB69195 /* Pods_CocoaPodsSad.framework */,
			);
			name = Frameworks;
			sourceTree = "<group>";
		};
/* End PBXGroup section */

/* Begin PBXNativeTarget section */
		6745323F2358C63D000B7881 /* CocoaPodsSad */ = {
			isa = PBXNativeTarget;
			buildConfigurationList = 674532542358C647000B7881 /* Build configuration list for PBXNativeTarget "CocoaPodsSad" */;
			buildPhases = (
				29299354CE13E54462C6D409 /* [CP] Check Pods Manifest.lock */,
				6745323C2358C63D000B7881 /* Sources */,
				6745323D2358C63D000B7881 /* Frameworks */,
				6745323E2358C63D000B7881 /* Resources */,
				1B970AECEEDF8EA692A73BF4 /* [CP] Embed Pods Frameworks */,
			);
			buildRules = (
			);
			dependencies = (
			);
			name = CocoaPodsSad;
			productName = CocoaPodsSad;
			productReference = 674532402358C63D000B7881 /* CocoaPodsSad.app */;
			productType = "com.apple.product-type.application";
		};
/* End PBXNativeTarget section */

/* Begin PBXProject section */
		674532382358C63D000B7881 /* Project object */ = {
			isa = PBXProject;
			attributes = {
				LastSwiftUpdateCheck = 1110;
				LastUpgradeCheck = 1110;
				ORGANIZATIONNAME = "teo KELESTURA";
				TargetAttributes = {
					6745323F2358C63D000B7881 = {
						CreatedOnToolsVersion = 11.1;
					};
				};
			};
			buildConfigurationList = 6745323B2358C63D000B7881 /* Build configuration list for PBXProject "CocoaPodsSad" */;
			compatibilityVersion = "Xcode 9.3";
			developmentRegion = en;
			hasScannedForEncodings = 0;
			knownRegions = (
				en,
				Base,
			);
			mainGroup = 674532372358C63D000B7881;
			productRefGroup = 674532412358C63D000B7881 /* Products */;
			projectDirPath = "";
			projectRoot = "";
			targets = (
				6745323F2358C63D000B7881 /* CocoaPodsSad */,
			);
		};
/* End PBXProject section */

/* Begin PBXResourcesBuildPhase section */
		6745323E2358C63D000B7881 /* Resources */ = {
			isa = PBXResourcesBuildPhase;
			buildActionMask = 2147483647;
			files = (
				674532502358C647000B7881 /* LaunchScreen.storyboard in Resources */,
				6745324D2358C647000B7881 /* Assets.xcassets in Resources */,
				6745324B2358C63D000B7881 /* Main.storyboard in Resources */,
			);
			runOnlyForDeploymentPostprocessing = 0;
		};
/* End PBXResourcesBuildPhase section */

/* Begin PBXShellScriptBuildPhase section */
		1B970AECEEDF8EA692A73BF4 /* [CP] Embed Pods Frameworks */ = {
			isa = PBXShellScriptBuildPhase;
			buildActionMask = 2147483647;
			files = (
			);
			inputFileListPaths = (
				"${PODS_ROOT}/Target Support Files/Pods-CocoaPodsSad/Pods-CocoaPodsSad-frameworks-${CONFIGURATION}-input-files.xcfilelist",
			);
			name = "[CP] Embed Pods Frameworks";
			outputFileListPaths = (
				"${PODS_ROOT}/Target Support Files/Pods-CocoaPodsSad/Pods-CocoaPodsSad-frameworks-${CONFIGURATION}-output-files.xcfilelist",
			);
			runOnlyForDeploymentPostprocessing = 0;
			shellPath = /bin/sh;
			shellScript = "\"${PODS_ROOT}/Target Support Files/Pods-CocoaPodsSad/Pods-CocoaPodsSad-frameworks.sh\"\n";
			showEnvVarsInLog = 0;
		};
		29299354CE13E54462C6D409 /* [CP] Check Pods Manifest.lock */ = {
			isa = PBXShellScriptBuildPhase;
			buildActionMask = 2147483647;
			files = (
			);
			inputFileListPaths = (
			);
			inputPaths = (
				"${PODS_PODFILE_DIR_PATH}/Podfile.lock",
				"${PODS_ROOT}/Manifest.lock",
			);
			name = "[CP] Check Pods Manifest.lock";
			outputFileListPaths = (
			);
			outputPaths = (
				"$(DERIVED_FILE_DIR)/Pods-CocoaPodsSad-checkManifestLockResult.txt",
			);
			runOnlyForDeploymentPostprocessing = 0;
			shellPath = /bin/sh;
			shellScript = "diff \"${PODS_PODFILE_DIR_PATH}/Podfile.lock\" \"${PODS_ROOT}/Manifest.lock\" > /dev/null\nif [ $? != 0 ] ; then\n    # print error to STDERR\n    echo \"error: The sandbox is not in sync with the Podfile.lock. Run 'pod install' or update your CocoaPods installation.\" >&2\n    exit 1\nfi\n# This output is used by Xcode 'outputs' to avoid re-running this script phase.\necho \"SUCCESS\" > \"${SCRIPT_OUTPUT_FILE_0}\"\n";
			showEnvVarsInLog = 0;
		};
/* End PBXShellScriptBuildPhase section */

/* Begin PBXSourcesBuildPhase section */
		6745323C2358C63D000B7881 /* Sources */ = {
			isa = PBXSourcesBuildPhase;
			buildActionMask = 2147483647;
			files = (
				674532482358C63D000B7881 /* ViewController.swift in Sources */,
				674532442358C63D000B7881 /* AppDelegate.swift in Sources */,
				674532462358C63D000B7881 /* SceneDelegate.swift in Sources */,
			);
			runOnlyForDeploymentPostprocessing = 0;
		};
/* End PBXSourcesBuildPhase section */

/* Begin PBXVariantGroup section */
		674532492358C63D000B7881 /* Main.storyboard */ = {
			isa = PBXVariantGroup;
			children = (
				6745324A2358C63D000B7881 /* Base */,
			);
			name = Main.storyboard;
			sourceTree = "<group>";
		};
		6745324E2358C647000B7881 /* LaunchScreen.storyboard */ = {
			isa = PBXVariantGroup;
			children = (
				6745324F2358C647000B7881 /* Base */,
			);
			name = LaunchScreen.storyboard;
			sourceTree = "<group>";
		};
/* End PBXVariantGroup section */

/* Begin XCBuildConfiguration section */
		674532522358C647000B7881 /* Debug */ = {
			isa = XCBuildConfiguration;
			buildSettings = {
				ALWAYS_SEARCH_USER_PATHS = NO;
				CLANG_ANALYZER_NONNULL = YES;
				CLANG_ANALYZER_NUMBER_OBJECT_CONVERSION = YES_AGGRESSIVE;
				CLANG_CXX_LANGUAGE_STANDARD = "gnu++14";
				CLANG_CXX_LIBRARY = "libc++";
				CLANG_ENABLE_MODULES = YES;
				CLANG_ENABLE_OBJC_ARC = YES;
				CLANG_ENABLE_OBJC_WEAK = YES;
				CLANG_WARN_BLOCK_CAPTURE_AUTORELEASING = YES;
				CLANG_WARN_BOOL_CONVERSION = YES;
				CLANG_WARN_COMMA = YES;
				CLANG_WARN_CONSTANT_CONVERSION = YES;
				CLANG_WARN_DEPRECATED_OBJC_IMPLEMENTATIONS = YES;
				CLANG_WARN_DIRECT_OBJC_ISA_USAGE = YES_ERROR;
				CLANG_WARN_DOCUMENTATION_COMMENTS = YES;
				CLANG_WARN_EMPTY_BODY = YES;
				CLANG_WARN_ENUM_CONVERSION = YES;
				CLANG_WARN_INFINITE_RECURSION = YES;
				CLANG_WARN_INT_CONVERSION = YES;
				CLANG_WARN_NON_LITERAL_NULL_CONVERSION = YES;
				CLANG_WARN_OBJC_IMPLICIT_RETAIN_SELF = YES;
				CLANG_WARN_OBJC_LITERAL_CONVERSION = YES;
				CLANG_WARN_OBJC_ROOT_CLASS = YES_ERROR;
				CLANG_WARN_RANGE_LOOP_ANALYSIS = YES;
				CLANG_WARN_STRICT_PROTOTYPES = YES;
				CLANG_WARN_SUSPICIOUS_MOVE = YES;
				CLANG_WARN_UNGUARDED_AVAILABILITY = YES_AGGRESSIVE;
				CLANG_WARN_UNREACHABLE_CODE = YES;
				CLANG_WARN__DUPLICATE_METHOD_MATCH = YES;
				COPY_PHASE_STRIP = NO;
				DEBUG_INFORMATION_FORMAT = dwarf;
				ENABLE_STRICT_OBJC_MSGSEND = YES;
				ENABLE_TESTABILITY = YES;
				GCC_C_LANGUAGE_STANDARD = gnu11;
				GCC_DYNAMIC_NO_PIC = NO;
				GCC_NO_COMMON_BLOCKS = YES;
				GCC_OPTIMIZATION_LEVEL = 0;
				GCC_PREPROCESSOR_DEFINITIONS = (
					"DEBUG=1",
					"$(inherited)",
				);
				GCC_WARN_64_TO_32_BIT_CONVERSION = YES;
				GCC_WARN_ABOUT_RETURN_TYPE = YES_ERROR;
				GCC_WARN_UNDECLARED_SELECTOR = YES;
				GCC_WARN_UNINITIALIZED_AUTOS = YES_AGGRESSIVE;
				GCC_WARN_UNUSED_FUNCTION = YES;
				GCC_WARN_UNUSED_VARIABLE = YES;
				IPHONEOS_DEPLOYMENT_TARGET = 13.1;
				MTL_ENABLE_DEBUG_INFO = INCLUDE_SOURCE;
				MTL_FAST_MATH = YES;
				ONLY_ACTIVE_ARCH = YES;
				SDKROOT = iphoneos;
				SWIFT_ACTIVE_COMPILATION_CONDITIONS = DEBUG;
				SWIFT_OPTIMIZATION_LEVEL = "-Onone";
			};
			name = Debug;
		};
		674532532358C647000B7881 /* Release */ = {
			isa = XCBuildConfiguration;
			buildSettings = {
				ALWAYS_SEARCH_USER_PATHS = NO;
				CLANG_ANALYZER_NONNULL = YES;
				CLANG_ANALYZER_NUMBER_OBJECT_CONVERSION = YES_AGGRESSIVE;
				CLANG_CXX_LANGUAGE_STANDARD = "gnu++14";
				CLANG_CXX_LIBRARY = "libc++";
				CLANG_ENABLE_MODULES = YES;
				CLANG_ENABLE_OBJC_ARC = YES;
				CLANG_ENABLE_OBJC_WEAK = YES;
				CLANG_WARN_BLOCK_CAPTURE_AUTORELEASING = YES;
				CLANG_WARN_BOOL_CONVERSION = YES;
				CLANG_WARN_COMMA = YES;
				CLANG_WARN_CONSTANT_CONVERSION = YES;
				CLANG_WARN_DEPRECATED_OBJC_IMPLEMENTATIONS = YES;
				CLANG_WARN_DIRECT_OBJC_ISA_USAGE = YES_ERROR;
				CLANG_WARN_DOCUMENTATION_COMMENTS = YES;
				CLANG_WARN_EMPTY_BODY = YES;
				CLANG_WARN_ENUM_CONVERSION = YES;
				CLANG_WARN_INFINITE_RECURSION = YES;
				CLANG_WARN_INT_CONVERSION = YES;
				CLANG_WARN_NON_LITERAL_NULL_CONVERSION = YES;
				CLANG_WARN_OBJC_IMPLICIT_RETAIN_SELF = YES;
				CLANG_WARN_OBJC_LITERAL_CONVERSION = YES;
				CLANG_WARN_OBJC_ROOT_CLASS = YES_ERROR;
				CLANG_WARN_RANGE_LOOP_ANALYSIS = YES;
				CLANG_WARN_STRICT_PROTOTYPES = YES;
				CLANG_WARN_SUSPICIOUS_MOVE = YES;
				CLANG_WARN_UNGUARDED_AVAILABILITY = YES_AGGRESSIVE;
				CLANG_WARN_UNREACHABLE_CODE = YES;
				CLANG_WARN__DUPLICATE_METHOD_MATCH = YES;
				COPY_PHASE_STRIP = NO;
				DEBUG_INFORMATION_FORMAT = "dwarf-with-dsym";
				ENABLE_NS_ASSERTIONS = NO;
				ENABLE_STRICT_OBJC_MSGSEND = YES;
				GCC_C_LANGUAGE_STANDARD = gnu11;
				GCC_NO_COMMON_BLOCKS = YES;
				GCC_WARN_64_TO_32_BIT_CONVERSION = YES;
				GCC_WARN_ABOUT_RETURN_TYPE = YES_ERROR;
				GCC_WARN_UNDECLARED_SELECTOR = YES;
				GCC_WARN_UNINITIALIZED_AUTOS = YES_AGGRESSIVE;
				GCC_WARN_UNUSED_FUNCTION = YES;
				GCC_WARN_UNUSED_VARIABLE = YES;
				IPHONEOS_DEPLOYMENT_TARGET = 13.1;
				MTL_ENABLE_DEBUG_INFO = NO;
				MTL_FAST_MATH = YES;
				SDKROOT = iphoneos;
				SWIFT_COMPILATION_MODE = wholemodule;
				SWIFT_OPTIMIZATION_LEVEL = "-O";
				VALIDATE_PRODUCT = YES;
			};
			name = Release;
		};
		674532552358C647000B7881 /* Debug */ = {
			isa = XCBuildConfiguration;
			baseConfigurationReference = B88A30C829BA954F119F53DF /* Pods-CocoaPodsSad.debug.xcconfig */;
			buildSettings = {
				ASSETCATALOG_COMPILER_APPICON_NAME = AppIcon;
				CODE_SIGN_STYLE = Automatic;
				INFOPLIST_FILE = CocoaPodsSad/Info.plist;
				LD_RUNPATH_SEARCH_PATHS = (
					"$(inherited)",
					"@executable_path/Frameworks",
				);
				PRODUCT_BUNDLE_IDENTIFIER = teo.sad.CocoaPodsSad;
				PRODUCT_NAME = "$(TARGET_NAME)";
				SWIFT_VERSION = 5.0;
				TARGETED_DEVICE_FAMILY = "1,2";
			};
			name = Debug;
		};
		674532562358C647000B7881 /* Release */ = {
			isa = XCBuildConfiguration;
			baseConfigurationReference = 35E6EDEC9DF69C3A7F1D0683 /* Pods-CocoaPodsSad.release.xcconfig */;
			buildSettings = {
				ASSETCATALOG_COMPILER_APPICON_NAME = AppIcon;
				CODE_SIGN_STYLE = Automatic;
				INFOPLIST_FILE = CocoaPodsSad/Info.plist;
				LD_RUNPATH_SEARCH_PATHS = (
					"$(inherited)",
					"@executable_path/Frameworks",
				);
				PRODUCT_BUNDLE_IDENTIFIER = teo.sad.CocoaPodsSad;
				PRODUCT_NAME = "$(TARGET_NAME)";
				SWIFT_VERSION = 5.0;
				TARGETED_DEVICE_FAMILY = "1,2";
			};
			name = Release;
		};
/* End XCBuildConfiguration section */

/* Begin XCConfigurationList section */
		6745323B2358C63D000B7881 /* Build configuration list for PBXProject "CocoaPodsSad" */ = {
			isa = XCConfigurationList;
			buildConfigurations = (
				674532522358C647000B7881 /* Debug */,
				674532532358C647000B7881 /* Release */,
			);
			defaultConfigurationIsVisible = 0;
			defaultConfigurationName = Release;
		};
		674532542358C647000B7881 /* Build configuration list for PBXNativeTarget "CocoaPodsSad" */ = {
			isa = XCConfigurationList;
			buildConfigurations = (
				674532552358C647000B7881 /* Debug */,
				674532562358C647000B7881 /* Release */,
			);
			defaultConfigurationIsVisible = 0;
			defaultConfigurationName = Release;
		};
/* End XCConfigurationList section */
	};
	rootObject = 674532382358C63D000B7881 /* Project object */;
}
