// !$*UTF8*$!
{
	archiveVersion = 1;
	classes = {
	};
	objectVersion = 50;
	objects = {

/* Begin PBXBuildFile section */
		6768CB792334E40A002E8BB7 /* AppDelegate.swift in Sources */ = {isa = PBXBuildFile; fileRef = 6768CB782334E40A002E8BB7 /* AppDelegate.swift */; };
		6768CB7B2334E40A002E8BB7 /* ViewController.swift in Sources */ = {isa = PBXBuildFile; fileRef = 6768CB7A2334E40A002E8BB7 /* ViewController.swift */; };
		6768CB7E2334E40A002E8BB7 /* Main.storyboard in Resources */ = {isa = PBXBuildFile; fileRef = 6768CB7C2334E40A002E8BB7 /* Main.storyboard */; };
		6768CB802334E40F002E8BB7 /* Assets.xcassets in Resources */ = {isa = PBXBuildFile; fileRef = 6768CB7F2334E40F002E8BB7 /* Assets.xcassets */; };
		6768CB832334E40F002E8BB7 /* LaunchScreen.storyboard in Resources */ = {isa = PBXBuildFile; fileRef = 6768CB812334E40F002E8BB7 /* LaunchScreen.storyboard */; };
		6768CB8E2334E40F002E8BB7 /* Exercise00Tests.swift in Sources */ = {isa = PBXBuildFile; fileRef = 6768CB8D2334E40F002E8BB7 /* Exercise00Tests.swift */; };
		6768CB992334E40F002E8BB7 /* Exercise00UITests.swift in Sources */ = {isa = PBXBuildFile; fileRef = 6768CB982334E40F002E8BB7 /* Exercise00UITests.swift */; };
/* End PBXBuildFile section */

/* Begin PBXContainerItemProxy section */
		6768CB8A2334E40F002E8BB7 /* PBXContainerItemProxy */ = {
			isa = PBXContainerItemProxy;
			containerPortal = 6768CB6D2334E40A002E8BB7 /* Project object */;
			proxyType = 1;
			remoteGlobalIDString = 6768CB742334E40A002E8BB7;
			remoteInfo = Exercise00;
		};
		6768CB952334E40F002E8BB7 /* PBXContainerItemProxy */ = {
			isa = PBXContainerItemProxy;
			containerPortal = 6768CB6D2334E40A002E8BB7 /* Project object */;
			proxyType = 1;
			remoteGlobalIDString = 6768CB742334E40A002E8BB7;
			remoteInfo = Exercise00;
		};
/* End PBXContainerItemProxy section */

/* Begin PBXFileReference section */
		6768CB752334E40A002E8BB7 /* Exercise00.app */ = {isa = PBXFileReference; explicitFileType = wrapper.application; includeInIndex = 0; path = Exercise00.app; sourceTree = BUILT_PRODUCTS_DIR; };
		6768CB782334E40A002E8BB7 /* AppDelegate.swift */ = {isa = PBXFileReference; lastKnownFileType = sourcecode.swift; path = AppDelegate.swift; sourceTree = "<group>"; };
		6768CB7A2334E40A002E8BB7 /* ViewController.swift */ = {isa = PBXFileReference; lastKnownFileType = sourcecode.swift; path = ViewController.swift; sourceTree = "<group>"; };
		6768CB7D2334E40A002E8BB7 /* Base */ = {isa = PBXFileReference; lastKnownFileType = file.storyboard; name = Base; path = Base.lproj/Main.storyboard; sourceTree = "<group>"; };
		6768CB7F2334E40F002E8BB7 /* Assets.xcassets */ = {isa = PBXFileReference; lastKnownFileType = folder.assetcatalog; path = Assets.xcassets; sourceTree = "<group>"; };
		6768CB822334E40F002E8BB7 /* Base */ = {isa = PBXFileReference; lastKnownFileType = file.storyboard; name = Base; path = Base.lproj/LaunchScreen.storyboard; sourceTree = "<group>"; };
		6768CB842334E40F002E8BB7 /* Info.plist */ = {isa = PBXFileReference; lastKnownFileType = text.plist.xml; path = Info.plist; sourceTree = "<group>"; };
		6768CB892334E40F002E8BB7 /* Exercise00Tests.xctest */ = {isa = PBXFileReference; explicitFileType = wrapper.cfbundle; includeInIndex = 0; path = Exercise00Tests.xctest; sourceTree = BUILT_PRODUCTS_DIR; };
		6768CB8D2334E40F002E8BB7 /* Exercise00Tests.swift */ = {isa = PBXFileReference; lastKnownFileType = sourcecode.swift; path = Exercise00Tests.swift; sourceTree = "<group>"; };
		6768CB8F2334E40F002E8BB7 /* Info.plist */ = {isa = PBXFileReference; lastKnownFileType = text.plist.xml; path = Info.plist; sourceTree = "<group>"; };
		6768CB942334E40F002E8BB7 /* Exercise00UITests.xctest */ = {isa = PBXFileReference; explicitFileType = wrapper.cfbundle; includeInIndex = 0; path = Exercise00UITests.xctest; sourceTree = BUILT_PRODUCTS_DIR; };
		6768CB982334E40F002E8BB7 /* Exercise00UITests.swift */ = {isa = PBXFileReference; lastKnownFileType = sourcecode.swift; path = Exercise00UITests.swift; sourceTree = "<group>"; };
		6768CB9A2334E40F002E8BB7 /* Info.plist */ = {isa = PBXFileReference; lastKnownFileType = text.plist.xml; path = Info.plist; sourceTree = "<group>"; };
/* End PBXFileReference section */

/* Begin PBXFrameworksBuildPhase section */
		6768CB722334E40A002E8BB7 /* Frameworks */ = {
			isa = PBXFrameworksBuildPhase;
			buildActionMask = 2147483647;
			files = (
			);
			runOnlyForDeploymentPostprocessing = 0;
		};
		6768CB862334E40F002E8BB7 /* Frameworks */ = {
			isa = PBXFrameworksBuildPhase;
			buildActionMask = 2147483647;
			files = (
			);
			runOnlyForDeploymentPostprocessing = 0;
		};
		6768CB912334E40F002E8BB7 /* Frameworks */ = {
			isa = PBXFrameworksBuildPhase;
			buildActionMask = 2147483647;
			files = (
			);
			runOnlyForDeploymentPostprocessing = 0;
		};
/* End PBXFrameworksBuildPhase section */

/* Begin PBXGroup section */
		6768CB6C2334E40A002E8BB7 = {
			isa = PBXGroup;
			children = (
				6768CB772334E40A002E8BB7 /* Exercise00 */,
				6768CB8C2334E40F002E8BB7 /* Exercise00Tests */,
				6768CB972334E40F002E8BB7 /* Exercise00UITests */,
				6768CB762334E40A002E8BB7 /* Products */,
			);
			sourceTree = "<group>";
		};
		6768CB762334E40A002E8BB7 /* Products */ = {
			isa = PBXGroup;
			children = (
				6768CB752334E40A002E8BB7 /* Exercise00.app */,
				6768CB892334E40F002E8BB7 /* Exercise00Tests.xctest */,
				6768CB942334E40F002E8BB7 /* Exercise00UITests.xctest */,
			);
			name = Products;
			sourceTree = "<group>";
		};
		6768CB772334E40A002E8BB7 /* Exercise00 */ = {
			isa = PBXGroup;
			children = (
				6768CB782334E40A002E8BB7 /* AppDelegate.swift */,
				6768CB7A2334E40A002E8BB7 /* ViewController.swift */,
				6768CB7C2334E40A002E8BB7 /* Main.storyboard */,
				6768CB7F2334E40F002E8BB7 /* Assets.xcassets */,
				6768CB812334E40F002E8BB7 /* LaunchScreen.storyboard */,
				6768CB842334E40F002E8BB7 /* Info.plist */,
			);
			path = Exercise00;
			sourceTree = "<group>";
		};
		6768CB8C2334E40F002E8BB7 /* Exercise00Tests */ = {
			isa = PBXGroup;
			children = (
				6768CB8D2334E40F002E8BB7 /* Exercise00Tests.swift */,
				6768CB8F2334E40F002E8BB7 /* Info.plist */,
			);
			path = Exercise00Tests;
			sourceTree = "<group>";
		};
		6768CB972334E40F002E8BB7 /* Exercise00UITests */ = {
			isa = PBXGroup;
			children = (
				6768CB982334E40F002E8BB7 /* Exercise00UITests.swift */,
				6768CB9A2334E40F002E8BB7 /* Info.plist */,
			);
			path = Exercise00UITests;
			sourceTree = "<group>";
		};
/* End PBXGroup section */

/* Begin PBXNativeTarget section */
		6768CB742334E40A002E8BB7 /* Exercise00 */ = {
			isa = PBXNativeTarget;
			buildConfigurationList = 6768CB9D2334E40F002E8BB7 /* Build configuration list for PBXNativeTarget "Exercise00" */;
			buildPhases = (
				6768CB712334E40A002E8BB7 /* Sources */,
				6768CB722334E40A002E8BB7 /* Frameworks */,
				6768CB732334E40A002E8BB7 /* Resources */,
			);
			buildRules = (
			);
			dependencies = (
			);
			name = Exercise00;
			productName = Exercise00;
			productReference = 6768CB752334E40A002E8BB7 /* Exercise00.app */;
			productType = "com.apple.product-type.application";
		};
		6768CB882334E40F002E8BB7 /* Exercise00Tests */ = {
			isa = PBXNativeTarget;
			buildConfigurationList = 6768CBA02334E40F002E8BB7 /* Build configuration list for PBXNativeTarget "Exercise00Tests" */;
			buildPhases = (
				6768CB852334E40F002E8BB7 /* Sources */,
				6768CB862334E40F002E8BB7 /* Frameworks */,
				6768CB872334E40F002E8BB7 /* Resources */,
			);
			buildRules = (
			);
			dependencies = (
				6768CB8B2334E40F002E8BB7 /* PBXTargetDependency */,
			);
			name = Exercise00Tests;
			productName = Exercise00Tests;
			productReference = 6768CB892334E40F002E8BB7 /* Exercise00Tests.xctest */;
			productType = "com.apple.product-type.bundle.unit-test";
		};
		6768CB932334E40F002E8BB7 /* Exercise00UITests */ = {
			isa = PBXNativeTarget;
			buildConfigurationList = 6768CBA32334E40F002E8BB7 /* Build configuration list for PBXNativeTarget "Exercise00UITests" */;
			buildPhases = (
				6768CB902334E40F002E8BB7 /* Sources */,
				6768CB912334E40F002E8BB7 /* Frameworks */,
				6768CB922334E40F002E8BB7 /* Resources */,
			);
			buildRules = (
			);
			dependencies = (
				6768CB962334E40F002E8BB7 /* PBXTargetDependency */,
			);
			name = Exercise00UITests;
			productName = Exercise00UITests;
			productReference = 6768CB942334E40F002E8BB7 /* Exercise00UITests.xctest */;
			productType = "com.apple.product-type.bundle.ui-testing";
		};
/* End PBXNativeTarget section */

/* Begin PBXProject section */
		6768CB6D2334E40A002E8BB7 /* Project object */ = {
			isa = PBXProject;
			attributes = {
				LastSwiftUpdateCheck = 1030;
				LastUpgradeCheck = 1030;
				ORGANIZATIONNAME = "teo KELESTURA";
				TargetAttributes = {
					6768CB742334E40A002E8BB7 = {
						CreatedOnToolsVersion = 10.3;
					};
					6768CB882334E40F002E8BB7 = {
						CreatedOnToolsVersion = 10.3;
						TestTargetID = 6768CB742334E40A002E8BB7;
					};
					6768CB932334E40F002E8BB7 = {
						CreatedOnToolsVersion = 10.3;
						TestTargetID = 6768CB742334E40A002E8BB7;
					};
				};
			};
			buildConfigurationList = 6768CB702334E40A002E8BB7 /* Build configuration list for PBXProject "Exercise00" */;
			compatibilityVersion = "Xcode 9.3";
			developmentRegion = en;
			hasScannedForEncodings = 0;
			knownRegions = (
				en,
				Base,
			);
			mainGroup = 6768CB6C2334E40A002E8BB7;
			productRefGroup = 6768CB762334E40A002E8BB7 /* Products */;
			projectDirPath = "";
			projectRoot = "";
			targets = (
				6768CB742334E40A002E8BB7 /* Exercise00 */,
				6768CB882334E40F002E8BB7 /* Exercise00Tests */,
				6768CB932334E40F002E8BB7 /* Exercise00UITests */,
			);
		};
/* End PBXProject section */

/* Begin PBXResourcesBuildPhase section */
		6768CB732334E40A002E8BB7 /* Resources */ = {
			isa = PBXResourcesBuildPhase;
			buildActionMask = 2147483647;
			files = (
				6768CB832334E40F002E8BB7 /* LaunchScreen.storyboard in Resources */,
				6768CB802334E40F002E8BB7 /* Assets.xcassets in Resources */,
				6768CB7E2334E40A002E8BB7 /* Main.storyboard in Resources */,
			);
			runOnlyForDeploymentPostprocessing = 0;
		};
		6768CB872334E40F002E8BB7 /* Resources */ = {
			isa = PBXResourcesBuildPhase;
			buildActionMask = 2147483647;
			files = (
			);
			runOnlyForDeploymentPostprocessing = 0;
		};
		6768CB922334E40F002E8BB7 /* Resources */ = {
			isa = PBXResourcesBuildPhase;
			buildActionMask = 2147483647;
			files = (
			);
			runOnlyForDeploymentPostprocessing = 0;
		};
/* End PBXResourcesBuildPhase section */

/* Begin PBXSourcesBuildPhase section */
		6768CB712334E40A002E8BB7 /* Sources */ = {
			isa = PBXSourcesBuildPhase;
			buildActionMask = 2147483647;
			files = (
				6768CB7B2334E40A002E8BB7 /* ViewController.swift in Sources */,
				6768CB792334E40A002E8BB7 /* AppDelegate.swift in Sources */,
			);
			runOnlyForDeploymentPostprocessing = 0;
		};
		6768CB852334E40F002E8BB7 /* Sources */ = {
			isa = PBXSourcesBuildPhase;
			buildActionMask = 2147483647;
			files = (
				6768CB8E2334E40F002E8BB7 /* Exercise00Tests.swift in Sources */,
			);
			runOnlyForDeploymentPostprocessing = 0;
		};
		6768CB902334E40F002E8BB7 /* Sources */ = {
			isa = PBXSourcesBuildPhase;
			buildActionMask = 2147483647;
			files = (
				6768CB992334E40F002E8BB7 /* Exercise00UITests.swift in Sources */,
			);
			runOnlyForDeploymentPostprocessing = 0;
		};
/* End PBXSourcesBuildPhase section */

/* Begin PBXTargetDependency section */
		6768CB8B2334E40F002E8BB7 /* PBXTargetDependency */ = {
			isa = PBXTargetDependency;
			target = 6768CB742334E40A002E8BB7 /* Exercise00 */;
			targetProxy = 6768CB8A2334E40F002E8BB7 /* PBXContainerItemProxy */;
		};
		6768CB962334E40F002E8BB7 /* PBXTargetDependency */ = {
			isa = PBXTargetDependency;
			target = 6768CB742334E40A002E8BB7 /* Exercise00 */;
			targetProxy = 6768CB952334E40F002E8BB7 /* PBXContainerItemProxy */;
		};
/* End PBXTargetDependency section */

/* Begin PBXVariantGroup section */
		6768CB7C2334E40A002E8BB7 /* Main.storyboard */ = {
			isa = PBXVariantGroup;
			children = (
				6768CB7D2334E40A002E8BB7 /* Base */,
			);
			name = Main.storyboard;
			sourceTree = "<group>";
		};
		6768CB812334E40F002E8BB7 /* LaunchScreen.storyboard */ = {
			isa = PBXVariantGroup;
			children = (
				6768CB822334E40F002E8BB7 /* Base */,
			);
			name = LaunchScreen.storyboard;
			sourceTree = "<group>";
		};
/* End PBXVariantGroup section */

/* Begin XCBuildConfiguration section */
		6768CB9B2334E40F002E8BB7 /* Debug */ = {
			isa = XCBuildConfiguration;
			buildSettings = {
				ALWAYS_SEARCH_USER_PATHS = NO;
				CLANG_ANALYZER_NONNULL = YES;
				CLANG_ANALYZER_NUMBER_OBJECT_CONVERSION = YES_AGGRESSIVE;
				CLANG_CXX_LANGUAGE_STANDARD = "gnu++14";
				CLANG_CXX_LIBRARY = "libc++";
				CLANG_ENABLE_MODULES = YES;
				CLANG_ENABLE_OBJC_ARC = YES;
				CLANG_ENABLE_OBJC_WEAK = YES;
				CLANG_WARN_BLOCK_CAPTURE_AUTORELEASING = YES;
				CLANG_WARN_BOOL_CONVERSION = YES;
				CLANG_WARN_COMMA = YES;
				CLANG_WARN_CONSTANT_CONVERSION = YES;
				CLANG_WARN_DEPRECATED_OBJC_IMPLEMENTATIONS = YES;
				CLANG_WARN_DIRECT_OBJC_ISA_USAGE = YES_ERROR;
				CLANG_WARN_DOCUMENTATION_COMMENTS = YES;
				CLANG_WARN_EMPTY_BODY = YES;
				CLANG_WARN_ENUM_CONVERSION = YES;
				CLANG_WARN_INFINITE_RECURSION = YES;
				CLANG_WARN_INT_CONVERSION = YES;
				CLANG_WARN_NON_LITERAL_NULL_CONVERSION = YES;
				CLANG_WARN_OBJC_IMPLICIT_RETAIN_SELF = YES;
				CLANG_WARN_OBJC_LITERAL_CONVERSION = YES;
				CLANG_WARN_OBJC_ROOT_CLASS = YES_ERROR;
				CLANG_WARN_RANGE_LOOP_ANALYSIS = YES;
				CLANG_WARN_STRICT_PROTOTYPES = YES;
				CLANG_WARN_SUSPICIOUS_MOVE = YES;
				CLANG_WARN_UNGUARDED_AVAILABILITY = YES_AGGRESSIVE;
				CLANG_WARN_UNREACHABLE_CODE = YES;
				CLANG_WARN__DUPLICATE_METHOD_MATCH = YES;
				CODE_SIGN_IDENTITY = "iPhone Developer";
				COPY_PHASE_STRIP = NO;
				DEBUG_INFORMATION_FORMAT = dwarf;
				ENABLE_STRICT_OBJC_MSGSEND = YES;
				ENABLE_TESTABILITY = YES;
				GCC_C_LANGUAGE_STANDARD = gnu11;
				GCC_DYNAMIC_NO_PIC = NO;
				GCC_NO_COMMON_BLOCKS = YES;
				GCC_OPTIMIZATION_LEVEL = 0;
				GCC_PREPROCESSOR_DEFINITIONS = (
					"DEBUG=1",
					"$(inherited)",
				);
				GCC_WARN_64_TO_32_BIT_CONVERSION = YES;
				GCC_WARN_ABOUT_RETURN_TYPE = YES_ERROR;
				GCC_WARN_UNDECLARED_SELECTOR = YES;
				GCC_WARN_UNINITIALIZED_AUTOS = YES_AGGRESSIVE;
				GCC_WARN_UNUSED_FUNCTION = YES;
				GCC_WARN_UNUSED_VARIABLE = YES;
				IPHONEOS_DEPLOYMENT_TARGET = 12.4;
				MTL_ENABLE_DEBUG_INFO = INCLUDE_SOURCE;
				MTL_FAST_MATH = YES;
				ONLY_ACTIVE_ARCH = YES;
				SDKROOT = iphoneos;
				SWIFT_ACTIVE_COMPILATION_CONDITIONS = DEBUG;
				SWIFT_OPTIMIZATION_LEVEL = "-Onone";
			};
			name = Debug;
		};
		6768CB9C2334E40F002E8BB7 /* Release */ = {
			isa = XCBuildConfiguration;
			buildSettings = {
				ALWAYS_SEARCH_USER_PATHS = NO;
				CLANG_ANALYZER_NONNULL = YES;
				CLANG_ANALYZER_NUMBER_OBJECT_CONVERSION = YES_AGGRESSIVE;
				CLANG_CXX_LANGUAGE_STANDARD = "gnu++14";
				CLANG_CXX_LIBRARY = "libc++";
				CLANG_ENABLE_MODULES = YES;
				CLANG_ENABLE_OBJC_ARC = YES;
				CLANG_ENABLE_OBJC_WEAK = YES;
				CLANG_WARN_BLOCK_CAPTURE_AUTORELEASING = YES;
				CLANG_WARN_BOOL_CONVERSION = YES;
				CLANG_WARN_COMMA = YES;
				CLANG_WARN_CONSTANT_CONVERSION = YES;
				CLANG_WARN_DEPRECATED_OBJC_IMPLEMENTATIONS = YES;
				CLANG_WARN_DIRECT_OBJC_ISA_USAGE = YES_ERROR;
				CLANG_WARN_DOCUMENTATION_COMMENTS = YES;
				CLANG_WARN_EMPTY_BODY = YES;
				CLANG_WARN_ENUM_CONVERSION = YES;
				CLANG_WARN_INFINITE_RECURSION = YES;
				CLANG_WARN_INT_CONVERSION = YES;
				CLANG_WARN_NON_LITERAL_NULL_CONVERSION = YES;
				CLANG_WARN_OBJC_IMPLICIT_RETAIN_SELF = YES;
				CLANG_WARN_OBJC_LITERAL_CONVERSION = YES;
				CLANG_WARN_OBJC_ROOT_CLASS = YES_ERROR;
				CLANG_WARN_RANGE_LOOP_ANALYSIS = YES;
				CLANG_WARN_STRICT_PROTOTYPES = YES;
				CLANG_WARN_SUSPICIOUS_MOVE = YES;
				CLANG_WARN_UNGUARDED_AVAILABILITY = YES_AGGRESSIVE;
				CLANG_WARN_UNREACHABLE_CODE = YES;
				CLANG_WARN__DUPLICATE_METHOD_MATCH = YES;
				CODE_SIGN_IDENTITY = "iPhone Developer";
				COPY_PHASE_STRIP = NO;
				DEBUG_INFORMATION_FORMAT = "dwarf-with-dsym";
				ENABLE_NS_ASSERTIONS = NO;
				ENABLE_STRICT_OBJC_MSGSEND = YES;
				GCC_C_LANGUAGE_STANDARD = gnu11;
				GCC_NO_COMMON_BLOCKS = YES;
				GCC_WARN_64_TO_32_BIT_CONVERSION = YES;
				GCC_WARN_ABOUT_RETURN_TYPE = YES_ERROR;
				GCC_WARN_UNDECLARED_SELECTOR = YES;
				GCC_WARN_UNINITIALIZED_AUTOS = YES_AGGRESSIVE;
				GCC_WARN_UNUSED_FUNCTION = YES;
				GCC_WARN_UNUSED_VARIABLE = YES;
				IPHONEOS_DEPLOYMENT_TARGET = 12.4;
				MTL_ENABLE_DEBUG_INFO = NO;
				MTL_FAST_MATH = YES;
				SDKROOT = iphoneos;
				SWIFT_COMPILATION_MODE = wholemodule;
				SWIFT_OPTIMIZATION_LEVEL = "-O";
				VALIDATE_PRODUCT = YES;
			};
			name = Release;
		};
		6768CB9E2334E40F002E8BB7 /* Debug */ = {
			isa = XCBuildConfiguration;
			buildSettings = {
				ASSETCATALOG_COMPILER_APPICON_NAME = AppIcon;
				CODE_SIGN_STYLE = Automatic;
				INFOPLIST_FILE = Exercise00/Info.plist;
				LD_RUNPATH_SEARCH_PATHS = (
					"$(inherited)",
					"@executable_path/Frameworks",
				);
				PRODUCT_BUNDLE_IDENTIFIER = teo.Exercise00;
				PRODUCT_NAME = "$(TARGET_NAME)";
				SWIFT_VERSION = 5.0;
				TARGETED_DEVICE_FAMILY = "1,2";
			};
			name = Debug;
		};
		6768CB9F2334E40F002E8BB7 /* Release */ = {
			isa = XCBuildConfiguration;
			buildSettings = {
				ASSETCATALOG_COMPILER_APPICON_NAME = AppIcon;
				CODE_SIGN_STYLE = Automatic;
				INFOPLIST_FILE = Exercise00/Info.plist;
				LD_RUNPATH_SEARCH_PATHS = (
					"$(inherited)",
					"@executable_path/Frameworks",
				);
				PRODUCT_BUNDLE_IDENTIFIER = teo.Exercise00;
				PRODUCT_NAME = "$(TARGET_NAME)";
				SWIFT_VERSION = 5.0;
				TARGETED_DEVICE_FAMILY = "1,2";
			};
			name = Release;
		};
		6768CBA12334E40F002E8BB7 /* Debug */ = {
			isa = XCBuildConfiguration;
			buildSettings = {
				ALWAYS_EMBED_SWIFT_STANDARD_LIBRARIES = YES;
				BUNDLE_LOADER = "$(TEST_HOST)";
				CODE_SIGN_STYLE = Automatic;
				INFOPLIST_FILE = Exercise00Tests/Info.plist;
				LD_RUNPATH_SEARCH_PATHS = (
					"$(inherited)",
					"@executable_path/Frameworks",
					"@loader_path/Frameworks",
				);
				PRODUCT_BUNDLE_IDENTIFIER = teo.Exercise00Tests;
				PRODUCT_NAME = "$(TARGET_NAME)";
				SWIFT_VERSION = 5.0;
				TARGETED_DEVICE_FAMILY = "1,2";
				TEST_HOST = "$(BUILT_PRODUCTS_DIR)/Exercise00.app/Exercise00";
			};
			name = Debug;
		};
		6768CBA22334E40F002E8BB7 /* Release */ = {
			isa = XCBuildConfiguration;
			buildSettings = {
				ALWAYS_EMBED_SWIFT_STANDARD_LIBRARIES = YES;
				BUNDLE_LOADER = "$(TEST_HOST)";
				CODE_SIGN_STYLE = Automatic;
				INFOPLIST_FILE = Exercise00Tests/Info.plist;
				LD_RUNPATH_SEARCH_PATHS = (
					"$(inherited)",
					"@executable_path/Frameworks",
					"@loader_path/Frameworks",
				);
				PRODUCT_BUNDLE_IDENTIFIER = teo.Exercise00Tests;
				PRODUCT_NAME = "$(TARGET_NAME)";
				SWIFT_VERSION = 5.0;
				TARGETED_DEVICE_FAMILY = "1,2";
				TEST_HOST = "$(BUILT_PRODUCTS_DIR)/Exercise00.app/Exercise00";
			};
			name = Release;
		};
		6768CBA42334E40F002E8BB7 /* Debug */ = {
			isa = XCBuildConfiguration;
			buildSettings = {
				ALWAYS_EMBED_SWIFT_STANDARD_LIBRARIES = YES;
				CODE_SIGN_STYLE = Automatic;
				INFOPLIST_FILE = Exercise00UITests/Info.plist;
				LD_RUNPATH_SEARCH_PATHS = (
					"$(inherited)",
					"@executable_path/Frameworks",
					"@loader_path/Frameworks",
				);
				PRODUCT_BUNDLE_IDENTIFIER = teo.Exercise00UITests;
				PRODUCT_NAME = "$(TARGET_NAME)";
				SWIFT_VERSION = 5.0;
				TARGETED_DEVICE_FAMILY = "1,2";
				TEST_TARGET_NAME = Exercise00;
			};
			name = Debug;
		};
		6768CBA52334E40F002E8BB7 /* Release */ = {
			isa = XCBuildConfiguration;
			buildSettings = {
				ALWAYS_EMBED_SWIFT_STANDARD_LIBRARIES = YES;
				CODE_SIGN_STYLE = Automatic;
				INFOPLIST_FILE = Exercise00UITests/Info.plist;
				LD_RUNPATH_SEARCH_PATHS = (
					"$(inherited)",
					"@executable_path/Frameworks",
					"@loader_path/Frameworks",
				);
				PRODUCT_BUNDLE_IDENTIFIER = teo.Exercise00UITests;
				PRODUCT_NAME = "$(TARGET_NAME)";
				SWIFT_VERSION = 5.0;
				TARGETED_DEVICE_FAMILY = "1,2";
				TEST_TARGET_NAME = Exercise00;
			};
			name = Release;
		};
/* End XCBuildConfiguration section */

/* Begin XCConfigurationList section */
		6768CB702334E40A002E8BB7 /* Build configuration list for PBXProject "Exercise00" */ = {
			isa = XCConfigurationList;
			buildConfigurations = (
				6768CB9B2334E40F002E8BB7 /* Debug */,
				6768CB9C2334E40F002E8BB7 /* Release */,
			);
			defaultConfigurationIsVisible = 0;
			defaultConfigurationName = Release;
		};
		6768CB9D2334E40F002E8BB7 /* Build configuration list for PBXNativeTarget "Exercise00" */ = {
			isa = XCConfigurationList;
			buildConfigurations = (
				6768CB9E2334E40F002E8BB7 /* Debug */,
				6768CB9F2334E40F002E8BB7 /* Release */,
			);
			defaultConfigurationIsVisible = 0;
			defaultConfigurationName = Release;
		};
		6768CBA02334E40F002E8BB7 /* Build configuration list for PBXNativeTarget "Exercise00Tests" */ = {
			isa = XCConfigurationList;
			buildConfigurations = (
				6768CBA12334E40F002E8BB7 /* Debug */,
				6768CBA22334E40F002E8BB7 /* Release */,
			);
			defaultConfigurationIsVisible = 0;
			defaultConfigurationName = Release;
		};
		6768CBA32334E40F002E8BB7 /* Build configuration list for PBXNativeTarget "Exercise00UITests" */ = {
			isa = XCConfigurationList;
			buildConfigurations = (
				6768CBA42334E40F002E8BB7 /* Debug */,
				6768CBA52334E40F002E8BB7 /* Release */,
			);
			defaultConfigurationIsVisible = 0;
			defaultConfigurationName = Release;
		};
/* End XCConfigurationList section */
	};
	rootObject = 6768CB6D2334E40A002E8BB7 /* Project object */;
}
